<?xml version="1.0" encoding="utf-8"?>
<Project ToolsVersion="4.0" xmlns="http://schemas.microsoft.com/developer/msbuild/2003">
  <ItemGroup>
    <Filter Include="源文件">
      <UniqueIdentifier>{4FC737F1-C7A5-4376-A066-2A32D752A2FF}</UniqueIdentifier>
      <Extensions>cpp;c;cc;cxx;c++;cppm;ixx;def;odl;idl;hpj;bat;asm;asmx</Extensions>
    </Filter>
    <Filter Include="头文件">
      <UniqueIdentifier>{93995380-89BD-4b04-88EB-625FBE52EBFB}</UniqueIdentifier>
      <Extensions>h;hh;hpp;hxx;h++;hm;inl;inc;ipp;xsd</Extensions>
    </Filter>
    <Filter Include="资源文件">
      <UniqueIdentifier>{67DA6AB6-F800-4c08-8B7A-83BB121AAD01}</UniqueIdentifier>
      <Extensions>rc;ico;cur;bmp;dlg;rc2;rct;bin;rgs;gif;jpg;jpeg;jpe;resx;tiff;tif;png;wav;mfcribbon-ms</Extensions>
    </Filter>
  </ItemGroup>
  <ItemGroup>
    <ClCompile Include="src\main.cpp">
      <Filter>源文件</Filter>
    </ClCompile>
    <ClCompile Include="src\window\Window.cpp">
      <Filter>源文件</Filter>
    </ClCompile>
    <ClCompile Include="src\renderer\Renderer.cpp">
      <Filter>源文件</Filter>
    </ClCompile>
    <ClCompile Include="src\model\model.cpp">
      <Filter>源文件</Filter>
    </ClCompile>
    <ClCompile Include="src\renderer\FrameBuffer.cpp">
      <Filter>源文件</Filter>
    </ClCompile>
    <ClCompile Include="src\camera\Camera.cpp">
      <Filter>源文件</Filter>
    </ClCompile>
    <ClCompile Include="src\light\DirectionLight.cpp">
      <Filter>源文件</Filter>
    </ClCompile>
    <ClCompile Include="src\scene\Scene.cpp">
      <Filter>源文件</Filter>
    </ClCompile>
    <ClCompile Include="src\shader\Shader.cpp">
      <Filter>源文件</Filter>
    </ClCompile>
    <ClCompile Include="src\renderer\Triangle.cpp">
      <Filter>源文件</Filter>
    </ClCompile>
    <ClCompile Include="src\shader\BlinnPhongShader.cpp">
      <Filter>源文件</Filter>
    </ClCompile>
    <ClCompile Include="vendor\tgaimage\tgaimage.cpp">
      <Filter>源文件</Filter>
    </ClCompile>
    <ClCompile Include="src\shader\ShadowShader.cpp">
      <Filter>源文件</Filter>
    </ClCompile>
    <ClCompile Include="src\shader\BlinnPhongWithShadowShader.cpp">
      <Filter>源文件</Filter>
    </ClCompile>
    <ClCompile Include="vendor\stbimage\stb_image.cpp">
      <Filter>源文件</Filter>
    </ClCompile>
    <ClCompile Include="src\texture\Texture.cpp">
      <Filter>源文件</Filter>
    </ClCompile>
    <ClCompile Include="vendor\tinyobjloader\tinyobjloader.cpp">
      <Filter>源文件</Filter>
    </ClCompile>
    <ClCompile Include="src\model2\ModelLoader.cpp">
      <Filter>源文件</Filter>
    </ClCompile>
    <ClCompile Include="src\model2\Model2.cpp">
      <Filter>源文件</Filter>
    </ClCompile>
    <ClCompile Include="src\model2\Primative.cpp">
      <Filter>源文件</Filter>
    </ClCompile>
    <ClCompile Include="src\shader\GouraudShader.cpp">
      <Filter>源文件</Filter>
    </ClCompile>
    <ClCompile Include="src\shader\PixelShader.cpp">
      <Filter>源文件</Filter>
    </ClCompile>
    <ClCompile Include="src\shader\WireFrameShader.cpp">
      <Filter>源文件</Filter>
    </ClCompile>
    <ClCompile Include="src\material\Material.cpp">
      <Filter>源文件</Filter>
    </ClCompile>
    <ClCompile Include="src\shader\PbrShader.cpp">
      <Filter>源文件</Filter>
    </ClCompile>
    <ClCompile Include="src\light\PointLight.cpp">
      <Filter>源文件</Filter>
    </ClCompile>
    <ClCompile Include="src\shader\PbrShader2.cpp">
      <Filter>源文件</Filter>
    </ClCompile>
    <ClCompile Include="src\shader\ToonShader.cpp">
      <Filter>源文件</Filter>
    </ClCompile>
    <ClCompile Include="src\shader\FlatShader.cpp">
      <Filter>源文件</Filter>
    </ClCompile>
    <ClCompile Include="src\shader\PointShader.cpp">
      <Filter>源文件</Filter>
    </ClCompile>
    <ClCompile Include="src\shader\RGBSpliterShader.cpp">
      <Filter>源文件</Filter>
    </ClCompile>
    <ClCompile Include="src\shader\GrayScaleShader.cpp">
      <Filter>源文件</Filter>
    </ClCompile>
  </ItemGroup>
  <ItemGroup>
    <ClInclude Include="src\window\Window.h">
      <Filter>头文件</Filter>
    </ClInclude>
    <ClInclude Include="src\renderer\Renderer.h">
      <Filter>头文件</Filter>
    </ClInclude>
    <ClInclude Include="src\model\model.h">
      <Filter>头文件</Filter>
    </ClInclude>
    <ClInclude Include="src\renderer\FrameBuffer.h">
      <Filter>头文件</Filter>
    </ClInclude>
    <ClInclude Include="src\camera\Camera.h">
      <Filter>头文件</Filter>
    </ClInclude>
    <ClInclude Include="src\light\DirectionLight.h">
      <Filter>头文件</Filter>
    </ClInclude>
    <ClInclude Include="src\scene\Scene.h">
      <Filter>头文件</Filter>
    </ClInclude>
    <ClInclude Include="src\shader\Shader.h">
      <Filter>头文件</Filter>
    </ClInclude>
    <ClInclude Include="src\renderer\Triangle.h">
      <Filter>头文件</Filter>
    </ClInclude>
    <ClInclude Include="src\shader\BlinnPhongShader.h">
      <Filter>头文件</Filter>
    </ClInclude>
    <ClInclude Include="vendor\tgaimage\tgaimage.h">
      <Filter>头文件</Filter>
    </ClInclude>
    <ClInclude Include="src\shader\ShadowShader.h">
      <Filter>头文件</Filter>
    </ClInclude>
    <ClInclude Include="src\shader\BlinnPhongWithShadowShader.h">
      <Filter>头文件</Filter>
    </ClInclude>
    <ClInclude Include="vendor\stbimage\stb_image.h">
      <Filter>头文件</Filter>
    </ClInclude>
    <ClInclude Include="src\texture\Texture.h">
      <Filter>头文件</Filter>
    </ClInclude>
    <ClInclude Include="vendor\tinyobjloader\tinyobjloader.h">
      <Filter>头文件</Filter>
    </ClInclude>
    <ClInclude Include="src\model2\ModelLoader.h">
      <Filter>头文件</Filter>
    </ClInclude>
    <ClInclude Include="src\model2\Model2.h">
      <Filter>头文件</Filter>
    </ClInclude>
    <ClInclude Include="src\model2\Primative.h">
      <Filter>头文件</Filter>
    </ClInclude>
    <ClInclude Include="src\shader\GouraudShader.h">
      <Filter>头文件</Filter>
    </ClInclude>
    <ClInclude Include="src\shader\PixelShader.h">
      <Filter>头文件</Filter>
    </ClInclude>
    <ClInclude Include="src\shader\WireFrameShader.h">
      <Filter>头文件</Filter>
    </ClInclude>
    <ClInclude Include="src\material\Material.h">
      <Filter>头文件</Filter>
    </ClInclude>
    <ClInclude Include="src\shader\PbrShader.h">
      <Filter>头文件</Filter>
    </ClInclude>
    <ClInclude Include="src\light\PointLight.h">
      <Filter>头文件</Filter>
    </ClInclude>
    <ClInclude Include="src\shader\PbrShader2.h">
      <Filter>头文件</Filter>
    </ClInclude>
    <ClInclude Include="src\shader\ToonShader.h">
      <Filter>头文件</Filter>
    </ClInclude>
    <ClInclude Include="src\shader\FlatShader.h">
      <Filter>头文件</Filter>
    </ClInclude>
    <ClInclude Include="src\shader\PointShader.h">
      <Filter>头文件</Filter>
    </ClInclude>
    <ClInclude Include="src\shader\RGBSpliterShader.h">
      <Filter>头文件</Filter>
    </ClInclude>
    <ClInclude Include="src\shader\GrayScaleShader.h">
      <Filter>头文件</Filter>
    </ClInclude>
  </ItemGroup>
</Project>